
Microsoft Visual Studio Solution File, Format Version 12.00
# Visual Studio Version 17
VisualStudioVersion = 17.4.33403.182
MinimumVisualStudioVersion = 10.0.40219.1
Project("{9A19103F-16F7-4668-BE54-9A1E7A4F7556}") = "1.IntroductionToCSharp", "IntroductionToCSharp\1.IntroductionToCSharp.csproj", "{8DAFB311-459C-451C-882E-FD2D8D468B09}"
EndProject
Project("{9A19103F-16F7-4668-BE54-9A1E7A4F7556}") = "2.ReadAndWrite", "ReadAndWrite\2.ReadAndWrite.csproj", "{929EF2AD-08EA-414B-B094-D9A6182188CB}"
EndProject
Project("{FAE04EC0-301F-11D3-BF4B-00C04F79EFBC}") = "3.BuiltInDataTypes", "BuiltInDataTypes\3.BuiltInDataTypes.csproj", "{E63759BE-C4ED-45C4-8F7F-1731C66BBDF7}"
EndProject
Project("{FAE04EC0-301F-11D3-BF4B-00C04F79EFBC}") = "4.CommonOperators", "4.CommonOperators\4.CommonOperators.csproj", "{A3FEDD53-E269-43F8-BDB5-A508016EFD76}"
EndProject
Project("{FAE04EC0-301F-11D3-BF4B-00C04F79EFBC}") = "5.IfStatements", "5.IfStatements\5.IfStatements.csproj", "{C6A30CB7-E56F-475C-9670-5234189E2DF7}"
EndProject
Project("{FAE04EC0-301F-11D3-BF4B-00C04F79EFBC}") = "6.Loops", "6.Loops\6.Loops.csproj", "{F9AF4034-5BED-4A9E-B039-A534108F9A7D}"
EndProject
Project("{FAE04EC0-301F-11D3-BF4B-00C04F79EFBC}") = "7.Foreach", "7.Foreach\7.Foreach.csproj", "{8AA8B9C4-DA38-4E6A-A1B6-4CD7CDE5C4CB}"
EndProject
Project("{FAE04EC0-301F-11D3-BF4B-00C04F79EFBC}") = "8.Methods", "8.Methods\8.Methods.csproj", "{A3AC187E-87BD-4106-84D2-28C784BEA090}"
EndProject
Project("{FAE04EC0-301F-11D3-BF4B-00C04F79EFBC}") = "9.Namespaces", "9.Namespaces\9.Namespaces.csproj", "{088FCA85-30B8-4AC3-88F9-FF714A7C98F6}"
EndProject
Project("{FAE04EC0-301F-11D3-BF4B-00C04F79EFBC}") = "ProjectA.TeamA", "ProjectA.TeamA\ProjectA.TeamA.csproj", "{0BD6269E-FC59-43AD-9511-2A336A15105F}"
EndProject
Project("{FAE04EC0-301F-11D3-BF4B-00C04F79EFBC}") = "ProjectA.TeamB", "ProjectA.TeamB\ProjectA.TeamB.csproj", "{477C6E27-A374-4241-BA73-A4812E436A76}"
EndProject
Global
	GlobalSection(SolutionConfigurationPlatforms) = preSolution
		Debug|Any CPU = Debug|Any CPU
		Release|Any CPU = Release|Any CPU
	EndGlobalSection
	GlobalSection(ProjectConfigurationPlatforms) = postSolution
		{8DAFB311-459C-451C-882E-FD2D8D468B09}.Debug|Any CPU.ActiveCfg = Debug|Any CPU
		{8DAFB311-459C-451C-882E-FD2D8D468B09}.Debug|Any CPU.Build.0 = Debug|Any CPU
		{8DAFB311-459C-451C-882E-FD2D8D468B09}.Release|Any CPU.ActiveCfg = Release|Any CPU
		{8DAFB311-459C-451C-882E-FD2D8D468B09}.Release|Any CPU.Build.0 = Release|Any CPU
		{929EF2AD-08EA-414B-B094-D9A6182188CB}.Debug|Any CPU.ActiveCfg = Debug|Any CPU
		{929EF2AD-08EA-414B-B094-D9A6182188CB}.Debug|Any CPU.Build.0 = Debug|Any CPU
		{929EF2AD-08EA-414B-B094-D9A6182188CB}.Release|Any CPU.ActiveCfg = Release|Any CPU
		{929EF2AD-08EA-414B-B094-D9A6182188CB}.Release|Any CPU.Build.0 = Release|Any CPU
		{E63759BE-C4ED-45C4-8F7F-1731C66BBDF7}.Debug|Any CPU.ActiveCfg = Debug|Any CPU
		{E63759BE-C4ED-45C4-8F7F-1731C66BBDF7}.Debug|Any CPU.Build.0 = Debug|Any CPU
		{E63759BE-C4ED-45C4-8F7F-1731C66BBDF7}.Release|Any CPU.ActiveCfg = Release|Any CPU
		{E63759BE-C4ED-45C4-8F7F-1731C66BBDF7}.Release|Any CPU.Build.0 = Release|Any CPU
		{A3FEDD53-E269-43F8-BDB5-A508016EFD76}.Debug|Any CPU.ActiveCfg = Debug|Any CPU
		{A3FEDD53-E269-43F8-BDB5-A508016EFD76}.Debug|Any CPU.Build.0 = Debug|Any CPU
		{A3FEDD53-E269-43F8-BDB5-A508016EFD76}.Release|Any CPU.ActiveCfg = Release|Any CPU
		{A3FEDD53-E269-43F8-BDB5-A508016EFD76}.Release|Any CPU.Build.0 = Release|Any CPU
		{C6A30CB7-E56F-475C-9670-5234189E2DF7}.Debug|Any CPU.ActiveCfg = Debug|Any CPU
		{C6A30CB7-E56F-475C-9670-5234189E2DF7}.Debug|Any CPU.Build.0 = Debug|Any CPU
		{C6A30CB7-E56F-475C-9670-5234189E2DF7}.Release|Any CPU.ActiveCfg = Release|Any CPU
		{C6A30CB7-E56F-475C-9670-5234189E2DF7}.Release|Any CPU.Build.0 = Release|Any CPU
		{F9AF4034-5BED-4A9E-B039-A534108F9A7D}.Debug|Any CPU.ActiveCfg = Debug|Any CPU
		{F9AF4034-5BED-4A9E-B039-A534108F9A7D}.Debug|Any CPU.Build.0 = Debug|Any CPU
		{F9AF4034-5BED-4A9E-B039-A534108F9A7D}.Release|Any CPU.ActiveCfg = Release|Any CPU
		{F9AF4034-5BED-4A9E-B039-A534108F9A7D}.Release|Any CPU.Build.0 = Release|Any CPU
		{8AA8B9C4-DA38-4E6A-A1B6-4CD7CDE5C4CB}.Debug|Any CPU.ActiveCfg = Debug|Any CPU
		{8AA8B9C4-DA38-4E6A-A1B6-4CD7CDE5C4CB}.Debug|Any CPU.Build.0 = Debug|Any CPU
		{8AA8B9C4-DA38-4E6A-A1B6-4CD7CDE5C4CB}.Release|Any CPU.ActiveCfg = Release|Any CPU
		{8AA8B9C4-DA38-4E6A-A1B6-4CD7CDE5C4CB}.Release|Any CPU.Build.0 = Release|Any CPU
		{A3AC187E-87BD-4106-84D2-28C784BEA090}.Debug|Any CPU.ActiveCfg = Debug|Any CPU
		{A3AC187E-87BD-4106-84D2-28C784BEA090}.Debug|Any CPU.Build.0 = Debug|Any CPU
		{A3AC187E-87BD-4106-84D2-28C784BEA090}.Release|Any CPU.ActiveCfg = Release|Any CPU
		{A3AC187E-87BD-4106-84D2-28C784BEA090}.Release|Any CPU.Build.0 = Release|Any CPU
		{088FCA85-30B8-4AC3-88F9-FF714A7C98F6}.Debug|Any CPU.ActiveCfg = Debug|Any CPU
		{088FCA85-30B8-4AC3-88F9-FF714A7C98F6}.Debug|Any CPU.Build.0 = Debug|Any CPU
		{088FCA85-30B8-4AC3-88F9-FF714A7C98F6}.Release|Any CPU.ActiveCfg = Release|Any CPU
		{088FCA85-30B8-4AC3-88F9-FF714A7C98F6}.Release|Any CPU.Build.0 = Release|Any CPU
		{0BD6269E-FC59-43AD-9511-2A336A15105F}.Debug|Any CPU.ActiveCfg = Debug|Any CPU
		{0BD6269E-FC59-43AD-9511-2A336A15105F}.Debug|Any CPU.Build.0 = Debug|Any CPU
		{0BD6269E-FC59-43AD-9511-2A336A15105F}.Release|Any CPU.ActiveCfg = Release|Any CPU
		{0BD6269E-FC59-43AD-9511-2A336A15105F}.Release|Any CPU.Build.0 = Release|Any CPU
		{477C6E27-A374-4241-BA73-A4812E436A76}.Debug|Any CPU.ActiveCfg = Debug|Any CPU
		{477C6E27-A374-4241-BA73-A4812E436A76}.Debug|Any CPU.Build.0 = Debug|Any CPU
		{477C6E27-A374-4241-BA73-A4812E436A76}.Release|Any CPU.ActiveCfg = Release|Any CPU
		{477C6E27-A374-4241-BA73-A4812E436A76}.Release|Any CPU.Build.0 = Release|Any CPU
	EndGlobalSection
	GlobalSection(SolutionProperties) = preSolution
		HideSolutionNode = FALSE
	EndGlobalSection
	GlobalSection(ExtensibilityGlobals) = postSolution
		SolutionGuid = {ED92B89C-6C3F-403D-8678-80CDE51652A3}
	EndGlobalSection
EndGlobal
